github.com/davecgh/go-spew v1.1.1/go.mod h1:J7Y8YcW2NihsgmVo/mv3lAwl/skON4iLHjSsI+c5H38=
github.com/go-sqlite/sqlite3 v0.0.0-20180313105335-53dd8e640ee7 h1:ow5vK9Q/DSKkxbEIJHBST6g+buBDwdaDIyk1dGGwpQo=
github.com/go-sqlite/sqlite3 v0.0.0-20180313105335-53dd8e640ee7/go.mod h1:JxSQ+SvsjFb+p8Y+bn+GhTkiMfKVGBD0fq43ms2xw04=
github.com/gonuts/binary v0.2.0 h1:caITwMWAoQWlL0RNvv2lTU/AHqAJlVuu6nZmNgfbKW4=
github.com/gonuts/binary v0.2.0/go.mod h1:kM+CtBrCGDSKdv8WXTuCUsw+loiy8f/QEI8YCCC0M/E=
github.com/keybase/go-keychain v0.0.0-20230523030712-b5615109f100 h1:rG3VnJUnAWyiv7qYmmdOdSapzz6HM+zb9/uRFr0T5EM=
github.com/keybase/go-keychain v0.0.0-20230523030712-b5615109f100/go.mod h1:qDHUvIjGZJUtdPtuP4WMu5/U4aVWbFw1MhlkJqCGmCQ=
github.com/pmezard/go-difflib v1.0.0/go.mod h1:iKH77koFhYxTK1pcRnkKkqfTogsbg7gZNVY4sRDYZ/4=
github.com/stretchr/testify v1.2.2/go.mod h1:a8OnRcib4nhh0OaRAV+Yts87kKdq0PP7pXfy6kDkUVs=
github.com/zellyn/kooky v0.0.0-20221025221128-3e66d684c4db h1:GiYcv6tEo8yme647CfG3tUydWi7LQG55oNb5bZ2ZeUM=
github.com/zellyn/kooky v0.0.0-20221025221128-3e66d684c4db/go.mod h1:6JjIozsIKDJ2H0S0ePLIoVbhhBvI15a/oFlMYsfIsSA=
golang.org/x/crypto v0.9.0 h1:LF6fAI+IutBocDJ2OT0Q1g8plpYljMZ4+lty+dsqw3g=
golang.org/x/crypto v0.9.0/go.mod h1:yrmDGqONDYtNj3tH8X9dzUun2m2lzPa9ngI6/RUPGR0=
